
Microsoft Visual Studio Solution File, Format Version 12.00
# Visual Studio 14
VisualStudioVersion = 14.0.25420.1
MinimumVisualStudioVersion = 10.0.40219.1
Project("{2150E333-8FDC-42A3-9474-1A3956D46DE8}") = "src", "src", "{4171BCFB-1DBE-4545-AAA6-64AE3A60533F}"
EndProject
Project("{2150E333-8FDC-42A3-9474-1A3956D46DE8}") = "Solution Items", "Solution Items", "{73D80FD5-94BF-40C6-879D-900F99752A8D}"
	ProjectSection(SolutionItems) = preProject
		global.json = global.json
	EndProjectSection
EndProject
Project("{8BB2217D-0F2D-49D1-97BC-3654ED321F3B}") = "SilkBazaarCore", "src\SilkBazaarCore\SilkBazaarCore.xproj", "{5E0A5B7B-C26E-44FC-9916-42891CBB465A}"
EndProject
Global
	GlobalSection(SolutionConfigurationPlatforms) = preSolution
		Debug|Any CPU = Debug|Any CPU
		Release|Any CPU = Release|Any CPU
	EndGlobalSection
	GlobalSection(ProjectConfigurationPlatforms) = postSolution
		{5E0A5B7B-C26E-44FC-9916-42891CBB465A}.Debug|Any CPU.ActiveCfg = Debug|Any CPU
		{5E0A5B7B-C26E-44FC-9916-42891CBB465A}.Debug|Any CPU.Build.0 = Debug|Any CPU
		{5E0A5B7B-C26E-44FC-9916-42891CBB465A}.Release|Any CPU.ActiveCfg = Release|Any CPU
		{5E0A5B7B-C26E-44FC-9916-42891CBB465A}.Release|Any CPU.Build.0 = Release|Any CPU
	EndGlobalSection
	GlobalSection(SolutionProperties) = preSolution
		HideSolutionNode = FALSE
	EndGlobalSection
	GlobalSection(NestedProjects) = preSolution
		{5E0A5B7B-C26E-44FC-9916-42891CBB465A} = {4171BCFB-1DBE-4545-AAA6-64AE3A60533F}
	EndGlobalSection
EndGlobal
